Microsoft Visual Studio Solution File, Format Version 12.00
# Visual Studio Version 17
VisualStudioVersion = 17.5.2.0
MinimumVisualStudioVersion = 10.0.40219.1
Project("{FAE04EC0-301F-11D3-BF4B-00C04F79EFBC}") = "backend-master", "backend-master.csproj", "{48C06988-4F30-86EA-1D6F-D5AB2102F5D5}"
EndProject
Global
	GlobalSection(SolutionConfigurationPlatforms) = preSolution
		Debug|Any CPU = Debug|Any CPU
		Release|Any CPU = Release|Any CPU
	EndGlobalSection
	GlobalSection(ProjectConfigurationPlatforms) = postSolution
		{48C06988-4F30-86EA-1D6F-D5AB2102F5D5}.Debug|Any CPU.ActiveCfg = Debug|Any CPU
		{48C06988-4F30-86EA-1D6F-D5AB2102F5D5}.Debug|Any CPU.Build.0 = Debug|Any CPU
		{48C06988-4F30-86EA-1D6F-D5AB2102F5D5}.Release|Any CPU.ActiveCfg = Release|Any CPU
		{48C06988-4F30-86EA-1D6F-D5AB2102F5D5}.Release|Any CPU.Build.0 = Release|Any CPU
	EndGlobalSection
	GlobalSection(SolutionProperties) = preSolution
		HideSolutionNode = FALSE
	EndGlobalSection
	GlobalSection(ExtensibilityGlobals) = postSolution
		SolutionGuid = {F04AB51A-F125-4157-B202-30E605292984}
	EndGlobalSection
EndGlobal
